
Microsoft Visual Studio Solution File, Format Version 12.00
# Visual Studio Version 17
VisualStudioVersion = 17.5.33516.290
MinimumVisualStudioVersion = 10.0.40219.1
Project("{9A19103F-16F7-4668-BE54-9A1E7A4F7556}") = "dockerSupport", "dockerSupport.csproj", "{F25BF8A1-454D-4909-A372-4EC498A140BA}"
EndProject
Project("{FAE04EC0-301F-11D3-BF4B-00C04F79EFBC}") = "RepoLayer", "..\RepoLayer\RepoLayer.csproj", "{3FD819EF-14BF-4DC2-8C68-17B43CDA63F8}"
EndProject
Global
	GlobalSection(SolutionConfigurationPlatforms) = preSolution
		Debug|Any CPU = Debug|Any CPU
		Release|Any CPU = Release|Any CPU
	EndGlobalSection
	GlobalSection(ProjectConfigurationPlatforms) = postSolution
		{F25BF8A1-454D-4909-A372-4EC498A140BA}.Debug|Any CPU.ActiveCfg = Debug|Any CPU
		{F25BF8A1-454D-4909-A372-4EC498A140BA}.Debug|Any CPU.Build.0 = Debug|Any CPU
		{F25BF8A1-454D-4909-A372-4EC498A140BA}.Release|Any CPU.ActiveCfg = Release|Any CPU
		{F25BF8A1-454D-4909-A372-4EC498A140BA}.Release|Any CPU.Build.0 = Release|Any CPU
		{3FD819EF-14BF-4DC2-8C68-17B43CDA63F8}.Debug|Any CPU.ActiveCfg = Debug|Any CPU
		{3FD819EF-14BF-4DC2-8C68-17B43CDA63F8}.Debug|Any CPU.Build.0 = Debug|Any CPU
		{3FD819EF-14BF-4DC2-8C68-17B43CDA63F8}.Release|Any CPU.ActiveCfg = Release|Any CPU
		{3FD819EF-14BF-4DC2-8C68-17B43CDA63F8}.Release|Any CPU.Build.0 = Release|Any CPU
	EndGlobalSection
	GlobalSection(SolutionProperties) = preSolution
		HideSolutionNode = FALSE
	EndGlobalSection
	GlobalSection(ExtensibilityGlobals) = postSolution
		SolutionGuid = {84C5EE71-3905-4066-B5C4-D12DD82BA394}
	EndGlobalSection
EndGlobal
